
Microsoft Visual Studio Solution File, Format Version 12.00
# Visual Studio Version 16
VisualStudioVersion = 16.0.31410.357
MinimumVisualStudioVersion = 10.0.40219.1
Project("{9A19103F-16F7-4668-BE54-9A1E7A4F7556}") = "Entities", "Entities\Entities.csproj", "{F3F898F2-DCDD-4733-956E-B87B0B41F34B}"
EndProject
Project("{9A19103F-16F7-4668-BE54-9A1E7A4F7556}") = "DataAccess", "DataAccess\DataAccess.csproj", "{8CD77BE6-8AFC-4F7B-990A-F2BAA3C58C15}"
EndProject
Project("{FAE04EC0-301F-11D3-BF4B-00C04F79EFBC}") = "BussinesLogic", "BussinesLogic\BussinesLogic.csproj", "{6B40FAC5-56DB-4A1A-A871-102EA5739809}"
EndProject
Global
	GlobalSection(SolutionConfigurationPlatforms) = preSolution
		Debug|Any CPU = Debug|Any CPU
		Release|Any CPU = Release|Any CPU
	EndGlobalSection
	GlobalSection(ProjectConfigurationPlatforms) = postSolution
		{F3F898F2-DCDD-4733-956E-B87B0B41F34B}.Debug|Any CPU.ActiveCfg = Debug|Any CPU
		{F3F898F2-DCDD-4733-956E-B87B0B41F34B}.Debug|Any CPU.Build.0 = Debug|Any CPU
		{F3F898F2-DCDD-4733-956E-B87B0B41F34B}.Release|Any CPU.ActiveCfg = Release|Any CPU
		{F3F898F2-DCDD-4733-956E-B87B0B41F34B}.Release|Any CPU.Build.0 = Release|Any CPU
		{8CD77BE6-8AFC-4F7B-990A-F2BAA3C58C15}.Debug|Any CPU.ActiveCfg = Debug|Any CPU
		{8CD77BE6-8AFC-4F7B-990A-F2BAA3C58C15}.Debug|Any CPU.Build.0 = Debug|Any CPU
		{8CD77BE6-8AFC-4F7B-990A-F2BAA3C58C15}.Release|Any CPU.ActiveCfg = Release|Any CPU
		{8CD77BE6-8AFC-4F7B-990A-F2BAA3C58C15}.Release|Any CPU.Build.0 = Release|Any CPU
		{6B40FAC5-56DB-4A1A-A871-102EA5739809}.Debug|Any CPU.ActiveCfg = Debug|Any CPU
		{6B40FAC5-56DB-4A1A-A871-102EA5739809}.Debug|Any CPU.Build.0 = Debug|Any CPU
		{6B40FAC5-56DB-4A1A-A871-102EA5739809}.Release|Any CPU.ActiveCfg = Release|Any CPU
		{6B40FAC5-56DB-4A1A-A871-102EA5739809}.Release|Any CPU.Build.0 = Release|Any CPU
	EndGlobalSection
	GlobalSection(SolutionProperties) = preSolution
		HideSolutionNode = FALSE
	EndGlobalSection
	GlobalSection(ExtensibilityGlobals) = postSolution
		SolutionGuid = {C5A7067A-2075-4191-8DA8-606311FB1481}
	EndGlobalSection
EndGlobal
